
Microsoft Visual Studio Solution File, Format Version 12.00
# Visual Studio Version 17
VisualStudioVersion = 17.2.32505.173
MinimumVisualStudioVersion = 10.0.40219.1
Project("{FAE04EC0-301F-11D3-BF4B-00C04F79EFBC}") = "WinFormsApp2", "WinFormsApp2\WinFormsApp2.csproj", "{13288B66-E6EE-4FB8-971E-B8EE4B64238A}"
EndProject
Global
	GlobalSection(SolutionConfigurationPlatforms) = preSolution
		Debug|Any CPU = Debug|Any CPU
		Release|Any CPU = Release|Any CPU
	EndGlobalSection
	GlobalSection(ProjectConfigurationPlatforms) = postSolution
		{13288B66-E6EE-4FB8-971E-B8EE4B64238A}.Debug|Any CPU.ActiveCfg = Debug|Any CPU
		{13288B66-E6EE-4FB8-971E-B8EE4B64238A}.Debug|Any CPU.Build.0 = Debug|Any CPU
		{13288B66-E6EE-4FB8-971E-B8EE4B64238A}.Release|Any CPU.ActiveCfg = Release|Any CPU
		{13288B66-E6EE-4FB8-971E-B8EE4B64238A}.Release|Any CPU.Build.0 = Release|Any CPU
	EndGlobalSection
	GlobalSection(SolutionProperties) = preSolution
		HideSolutionNode = FALSE
	EndGlobalSection
	GlobalSection(ExtensibilityGlobals) = postSolution
		SolutionGuid = {EB5C2503-EE7A-48CC-A3AC-E9A0308C7FC5}
	EndGlobalSection
EndGlobal
